
Microsoft Visual Studio Solution File, Format Version 12.00
# Visual Studio 15
VisualStudioVersion = 15.0.26014.0
MinimumVisualStudioVersion = 10.0.40219.1
Project("{FAE04EC0-301F-11D3-BF4B-00C04F79EFBC}") = "as-alexa-csharp", "as-alexa-csharp\as-alexa-csharp.csproj", "{3734AF3A-A138-4FF2-AA8F-2E037E6FDEE4}"
EndProject
Global
	GlobalSection(SolutionConfigurationPlatforms) = preSolution
		Debug|Any CPU = Debug|Any CPU
		Release|Any CPU = Release|Any CPU
	EndGlobalSection
	GlobalSection(ProjectConfigurationPlatforms) = postSolution
		{3734AF3A-A138-4FF2-AA8F-2E037E6FDEE4}.Debug|Any CPU.ActiveCfg = Debug|Any CPU
		{3734AF3A-A138-4FF2-AA8F-2E037E6FDEE4}.Debug|Any CPU.Build.0 = Debug|Any CPU
		{3734AF3A-A138-4FF2-AA8F-2E037E6FDEE4}.Release|Any CPU.ActiveCfg = Release|Any CPU
		{3734AF3A-A138-4FF2-AA8F-2E037E6FDEE4}.Release|Any CPU.Build.0 = Release|Any CPU
	EndGlobalSection
	GlobalSection(SolutionProperties) = preSolution
		HideSolutionNode = FALSE
	EndGlobalSection
EndGlobal
